// !$*UTF8*$!
{
	archiveVersion = 1;
	classes = {
	};
	objectVersion = 55;
	objects = {

/* Begin PBXBuildFile section */
		05E464DFABB9C4965C6618C4 /* Service.framework in Frameworks */ = {isa = PBXBuildFile; fileRef = 41F4525143A837C0A65ED980 /* Service.framework */; };
		06BBBAE83592067666E2C179 /* TuistBundle+StackKnowledge.swift in Sources */ = {isa = PBXBuildFile; fileRef = 3DC595E64EF32EBF3F31CD1D /* TuistBundle+StackKnowledge.swift */; };
		0D509807B5179B90D2F73987 /* RemoveMe1.swift in Sources */ = {isa = PBXBuildFile; fileRef = FB7B1F47AE770EB8B2CDE44E /* RemoveMe1.swift */; };
		2CE6F67B8C142E06AA30C0F5 /* RemoveMe5.swift in Sources */ = {isa = PBXBuildFile; fileRef = 8C4870EF21FAE0C9F4B630D1 /* RemoveMe5.swift */; };
		57F100F8096D303C6DFF9CF4 /* ThirdPartyLib.framework in Embed Frameworks */ = {isa = PBXBuildFile; fileRef = 06269D997E94D24AA31C4CB8 /* ThirdPartyLib.framework */; settings = {ATTRIBUTES = (CodeSignOnCopy, RemoveHeadersOnCopy, ); }; };
		7101CA3ADC729C90E45F9D96 /* ThirdPartyLib.framework in Frameworks */ = {isa = PBXBuildFile; fileRef = 06269D997E94D24AA31C4CB8 /* ThirdPartyLib.framework */; };
		94470F48AC210E27C15F8001 /* Service.framework in Embed Frameworks */ = {isa = PBXBuildFile; fileRef = 41F4525143A837C0A65ED980 /* Service.framework */; settings = {ATTRIBUTES = (CodeSignOnCopy, RemoveHeadersOnCopy, ); }; };
		CCB4D9111DB4706745374E6C /* RemoveMe2.swift in Resources */ = {isa = PBXBuildFile; fileRef = D4FAF4B332F12E5F1497B05E /* RemoveMe2.swift */; };
/* End PBXBuildFile section */

/* Begin PBXContainerItemProxy section */
		4059A9AFC432EDC248A70871 /* PBXContainerItemProxy */ = {
			isa = PBXContainerItemProxy;
			containerPortal = E36B4AA4B8AAA21DD1803021 /* Project object */;
			proxyType = 1;
			remoteGlobalIDString = B7636176A34941688A3F2E62;
			remoteInfo = StackKnowledge;
		};
/* End PBXContainerItemProxy section */

/* Begin PBXCopyFilesBuildPhase section */
		207BD5E781F7976FC3078E07 /* Embed Frameworks */ = {
			isa = PBXCopyFilesBuildPhase;
			buildActionMask = 2147483647;
			dstPath = "";
			dstSubfolderSpec = 10;
			files = (
				94470F48AC210E27C15F8001 /* Service.framework in Embed Frameworks */,
				57F100F8096D303C6DFF9CF4 /* ThirdPartyLib.framework in Embed Frameworks */,
			);
			name = "Embed Frameworks";
			runOnlyForDeploymentPostprocessing = 0;
		};
		3E99142EF07CFB974339BAC8 /* Embed Frameworks */ = {
			isa = PBXCopyFilesBuildPhase;
			buildActionMask = 2147483647;
			dstPath = "";
			dstSubfolderSpec = 10;
			files = (
			);
			name = "Embed Frameworks";
			runOnlyForDeploymentPostprocessing = 0;
		};
/* End PBXCopyFilesBuildPhase section */

/* Begin PBXFileReference section */
		06269D997E94D24AA31C4CB8 /* ThirdPartyLib.framework */ = {isa = PBXFileReference; explicitFileType = wrapper.framework; includeInIndex = 0; path = ThirdPartyLib.framework; sourceTree = BUILT_PRODUCTS_DIR; };
		1B0E8FA44FDF9DF052F64DB9 /* StackKnowledgeTest.xctest */ = {isa = PBXFileReference; explicitFileType = wrapper.cfbundle; includeInIndex = 0; path = StackKnowledgeTest.xctest; sourceTree = BUILT_PRODUCTS_DIR; };
		3DC595E64EF32EBF3F31CD1D /* TuistBundle+StackKnowledge.swift */ = {isa = PBXFileReference; lastKnownFileType = sourcecode.swift; path = "TuistBundle+StackKnowledge.swift"; sourceTree = "<group>"; };
		41F4525143A837C0A65ED980 /* Service.framework */ = {isa = PBXFileReference; explicitFileType = wrapper.framework; includeInIndex = 0; path = Service.framework; sourceTree = BUILT_PRODUCTS_DIR; };
		6C177148B12CC188CE8EAB05 /* Info.plist */ = {isa = PBXFileReference; lastKnownFileType = text.plist; path = Info.plist; sourceTree = "<group>"; };
		8C4870EF21FAE0C9F4B630D1 /* RemoveMe5.swift */ = {isa = PBXFileReference; lastKnownFileType = sourcecode.swift; path = RemoveMe5.swift; sourceTree = "<group>"; };
		9908BD9322BA04D035EB5A51 /* StackKnowledge.app */ = {isa = PBXFileReference; explicitFileType = wrapper.application; includeInIndex = 0; path = StackKnowledge.app; sourceTree = BUILT_PRODUCTS_DIR; };
		D4FAF4B332F12E5F1497B05E /* RemoveMe2.swift */ = {isa = PBXFileReference; lastKnownFileType = sourcecode.swift; path = RemoveMe2.swift; sourceTree = "<group>"; };
		FB7B1F47AE770EB8B2CDE44E /* RemoveMe1.swift */ = {isa = PBXFileReference; lastKnownFileType = sourcecode.swift; path = RemoveMe1.swift; sourceTree = "<group>"; };
		FD065FBAB551A50DEE06FE41 /* StackKnowledgeTest-Info.plist */ = {isa = PBXFileReference; lastKnownFileType = text.plist; path = "StackKnowledgeTest-Info.plist"; sourceTree = "<group>"; };
/* End PBXFileReference section */

/* Begin PBXFrameworksBuildPhase section */
		87A71A5D131004281EC8DE47 /* Frameworks */ = {
			isa = PBXFrameworksBuildPhase;
			buildActionMask = 2147483647;
			files = (
				05E464DFABB9C4965C6618C4 /* Service.framework in Frameworks */,
				7101CA3ADC729C90E45F9D96 /* ThirdPartyLib.framework in Frameworks */,
			);
			runOnlyForDeploymentPostprocessing = 0;
		};
		BEE9F813D5194041FDC60EAA /* Frameworks */ = {
			isa = PBXFrameworksBuildPhase;
			buildActionMask = 2147483647;
			files = (
			);
			runOnlyForDeploymentPostprocessing = 0;
		};
/* End PBXFrameworksBuildPhase section */

/* Begin PBXGroup section */
		0D06AFCEBC84E75814088365 /* Sources */ = {
			isa = PBXGroup;
			children = (
				3DC595E64EF32EBF3F31CD1D /* TuistBundle+StackKnowledge.swift */,
			);
			path = Sources;
			sourceTree = "<group>";
		};
		151218CE9FE66863EFF6CFF3 /* Sources */ = {
			isa = PBXGroup;
			children = (
				FB7B1F47AE770EB8B2CDE44E /* RemoveMe1.swift */,
			);
			path = Sources;
			sourceTree = "<group>";
		};
		5C19A55B087CD12CED536AB3 = {
			isa = PBXGroup;
			children = (
				A8ECABE2CDF6C177DF54B5CB /* Project */,
				8480A005B26E5E1062F5FF09 /* Frameworks */,
				D13054A9C74BACFDB7DC4981 /* Products */,
			);
			sourceTree = "<group>";
		};
		774C99306451D29CDFD834DF /* Tests */ = {
			isa = PBXGroup;
			children = (
				8C4870EF21FAE0C9F4B630D1 /* RemoveMe5.swift */,
			);
			path = Tests;
			sourceTree = "<group>";
		};
		8480A005B26E5E1062F5FF09 /* Frameworks */ = {
			isa = PBXGroup;
			children = (
			);
			name = Frameworks;
			sourceTree = "<group>";
		};
		8663936C08CA95CE5E521D64 /* InfoPlists */ = {
			isa = PBXGroup;
			children = (
				FD065FBAB551A50DEE06FE41 /* StackKnowledgeTest-Info.plist */,
			);
			path = InfoPlists;
			sourceTree = "<group>";
		};
		A8ECABE2CDF6C177DF54B5CB /* Project */ = {
			isa = PBXGroup;
			children = (
				CE03C38707122A6E04184631 /* Derived */,
				F70FAB3C5397187A2C059226 /* Resources */,
				151218CE9FE66863EFF6CFF3 /* Sources */,
				F637B90B2C2770AB4B53BB3F /* Support */,
				774C99306451D29CDFD834DF /* Tests */,
			);
			name = Project;
			sourceTree = "<group>";
		};
		CE03C38707122A6E04184631 /* Derived */ = {
			isa = PBXGroup;
			children = (
				8663936C08CA95CE5E521D64 /* InfoPlists */,
				0D06AFCEBC84E75814088365 /* Sources */,
			);
			path = Derived;
			sourceTree = "<group>";
		};
		D13054A9C74BACFDB7DC4981 /* Products */ = {
			isa = PBXGroup;
			children = (
				41F4525143A837C0A65ED980 /* Service.framework */,
				9908BD9322BA04D035EB5A51 /* StackKnowledge.app */,
				1B0E8FA44FDF9DF052F64DB9 /* StackKnowledgeTest.xctest */,
				06269D997E94D24AA31C4CB8 /* ThirdPartyLib.framework */,
			);
			name = Products;
			sourceTree = "<group>";
		};
		F637B90B2C2770AB4B53BB3F /* Support */ = {
			isa = PBXGroup;
			children = (
				6C177148B12CC188CE8EAB05 /* Info.plist */,
			);
			path = Support;
			sourceTree = "<group>";
		};
		F70FAB3C5397187A2C059226 /* Resources */ = {
			isa = PBXGroup;
			children = (
				D4FAF4B332F12E5F1497B05E /* RemoveMe2.swift */,
			);
			path = Resources;
			sourceTree = "<group>";
		};
/* End PBXGroup section */

/* Begin PBXNativeTarget section */
		585F1998AC930C03332C511B /* StackKnowledgeTest */ = {
			isa = PBXNativeTarget;
			buildConfigurationList = 925FA1F33ABB73BBDA2BD7E0 /* Build configuration list for PBXNativeTarget "StackKnowledgeTest" */;
			buildPhases = (
				4E909B78E512E67B449AD191 /* Sources */,
				505D6A2A8D89EFB451BA722B /* Resources */,
				3E99142EF07CFB974339BAC8 /* Embed Frameworks */,
				BEE9F813D5194041FDC60EAA /* Frameworks */,
			);
			buildRules = (
			);
			dependencies = (
				5594ABE0C0C5D195FADB59C4 /* PBXTargetDependency */,
			);
			name = StackKnowledgeTest;
			productName = StackKnowledgeTest;
			productReference = 1B0E8FA44FDF9DF052F64DB9 /* StackKnowledgeTest.xctest */;
			productType = "com.apple.product-type.bundle.unit-test";
		};
		B7636176A34941688A3F2E62 /* StackKnowledge */ = {
			isa = PBXNativeTarget;
			buildConfigurationList = 4379E6987A5D8F6C0F9A76A7 /* Build configuration list for PBXNativeTarget "StackKnowledge" */;
			buildPhases = (
				90CD054CC3DB28D3CD58A91E /* Sources */,
				C7D049891B521936929EB0CC /* Resources */,
				207BD5E781F7976FC3078E07 /* Embed Frameworks */,
				87A71A5D131004281EC8DE47 /* Frameworks */,
			);
			buildRules = (
			);
			dependencies = (
			);
			name = StackKnowledge;
			productName = StackKnowledge;
			productReference = 9908BD9322BA04D035EB5A51 /* StackKnowledge.app */;
			productType = "com.apple.product-type.application";
		};
/* End PBXNativeTarget section */

/* Begin PBXProject section */
		E36B4AA4B8AAA21DD1803021 /* Project object */ = {
			isa = PBXProject;
			attributes = {
				BuildIndependentTargetsInParallel = YES;
				ORGANIZATIONNAME = team.filo;
				TargetAttributes = {
					585F1998AC930C03332C511B = {
						TestTargetID = B7636176A34941688A3F2E62;
					};
				};
			};
			buildConfigurationList = E5B75391EA51B7416D120061 /* Build configuration list for PBXProject "StackKnowledge" */;
			compatibilityVersion = "Xcode 14.0";
			developmentRegion = en;
			hasScannedForEncodings = 0;
			knownRegions = (
				Base,
				en,
			);
			mainGroup = 5C19A55B087CD12CED536AB3;
			productRefGroup = D13054A9C74BACFDB7DC4981 /* Products */;
			projectDirPath = "";
			projectRoot = "";
			targets = (
				B7636176A34941688A3F2E62 /* StackKnowledge */,
				585F1998AC930C03332C511B /* StackKnowledgeTest */,
			);
		};
/* End PBXProject section */

/* Begin PBXResourcesBuildPhase section */
		505D6A2A8D89EFB451BA722B /* Resources */ = {
			isa = PBXResourcesBuildPhase;
			buildActionMask = 2147483647;
			files = (
			);
			runOnlyForDeploymentPostprocessing = 0;
		};
		C7D049891B521936929EB0CC /* Resources */ = {
			isa = PBXResourcesBuildPhase;
			buildActionMask = 2147483647;
			files = (
				CCB4D9111DB4706745374E6C /* RemoveMe2.swift in Resources */,
			);
			runOnlyForDeploymentPostprocessing = 0;
		};
/* End PBXResourcesBuildPhase section */

/* Begin PBXSourcesBuildPhase section */
		4E909B78E512E67B449AD191 /* Sources */ = {
			isa = PBXSourcesBuildPhase;
			buildActionMask = 2147483647;
			files = (
				2CE6F67B8C142E06AA30C0F5 /* RemoveMe5.swift in Sources */,
			);
			runOnlyForDeploymentPostprocessing = 0;
		};
		90CD054CC3DB28D3CD58A91E /* Sources */ = {
			isa = PBXSourcesBuildPhase;
			buildActionMask = 2147483647;
			files = (
				06BBBAE83592067666E2C179 /* TuistBundle+StackKnowledge.swift in Sources */,
				0D509807B5179B90D2F73987 /* RemoveMe1.swift in Sources */,
			);
			runOnlyForDeploymentPostprocessing = 0;
		};
/* End PBXSourcesBuildPhase section */

/* Begin PBXTargetDependency section */
		5594ABE0C0C5D195FADB59C4 /* PBXTargetDependency */ = {
			isa = PBXTargetDependency;
			name = StackKnowledge;
			target = B7636176A34941688A3F2E62 /* StackKnowledge */;
			targetProxy = 4059A9AFC432EDC248A70871 /* PBXContainerItemProxy */;
		};
/* End PBXTargetDependency section */

/* Begin XCBuildConfiguration section */
		26F4FFA468C66B0499DA9B35 /* Debug */ = {
			isa = XCBuildConfiguration;
			buildSettings = {
				ASSETCATALOG_COMPILER_APPICON_NAME = AppIcon;
				CODE_SIGN_IDENTITY = "iPhone Developer";
				ENABLE_PREVIEWS = YES;
				INFOPLIST_FILE = Support/Info.plist;
				IPHONEOS_DEPLOYMENT_TARGET = 16.0;
				LD_RUNPATH_SEARCH_PATHS = (
					"$(inherited)",
					"@executable_path/Frameworks",
				);
				PRODUCT_BUNDLE_IDENTIFIER = team.filo.StackKnowledge;
				PRODUCT_NAME = StackKnowledge;
				SDKROOT = iphoneos;
				SUPPORTS_MACCATALYST = NO;
				SUPPORTS_MAC_DESIGNED_FOR_IPHONE_IPAD = YES;
				SUPPORTS_XR_DESIGNED_FOR_IPHONE_IPAD = NO;
				SWIFT_ACTIVE_COMPILATION_CONDITIONS = DEBUG;
				SWIFT_COMPILATION_MODE = singlefile;
				SWIFT_OPTIMIZATION_LEVEL = "-Onone";
				SWIFT_VERSION = 5.0;
				TARGETED_DEVICE_FAMILY = 1;
			};
			name = Debug;
		};
		3ED24F501F2225943C54583A /* Release */ = {
			isa = XCBuildConfiguration;
			buildSettings = {
				ALWAYS_SEARCH_USER_PATHS = NO;
				CLANG_ANALYZER_LOCALIZABILITY_NONLOCALIZED = YES;
				CLANG_ANALYZER_NONNULL = YES;
				CLANG_ANALYZER_NUMBER_OBJECT_CONVERSION = YES_AGGRESSIVE;
				CLANG_CXX_LANGUAGE_STANDARD = "gnu++14";
				CLANG_CXX_LIBRARY = "libc++";
				CLANG_ENABLE_MODULES = YES;
				CLANG_ENABLE_OBJC_ARC = YES;
				CLANG_ENABLE_OBJC_WEAK = YES;
				CLANG_WARN_BLOCK_CAPTURE_AUTORELEASING = YES;
				CLANG_WARN_BOOL_CONVERSION = YES;
				CLANG_WARN_COMMA = YES;
				CLANG_WARN_CONSTANT_CONVERSION = YES;
				CLANG_WARN_DEPRECATED_OBJC_IMPLEMENTATIONS = YES;
				CLANG_WARN_DIRECT_OBJC_ISA_USAGE = YES_ERROR;
				CLANG_WARN_DOCUMENTATION_COMMENTS = YES;
				CLANG_WARN_EMPTY_BODY = YES;
				CLANG_WARN_ENUM_CONVERSION = YES;
				CLANG_WARN_INFINITE_RECURSION = YES;
				CLANG_WARN_INT_CONVERSION = YES;
				CLANG_WARN_NON_LITERAL_NULL_CONVERSION = YES;
				CLANG_WARN_OBJC_IMPLICIT_RETAIN_SELF = YES;
				CLANG_WARN_OBJC_LITERAL_CONVERSION = YES;
				CLANG_WARN_OBJC_ROOT_CLASS = YES_ERROR;
				CLANG_WARN_QUOTED_INCLUDE_IN_FRAMEWORK_HEADER = YES;
				CLANG_WARN_RANGE_LOOP_ANALYSIS = YES;
				CLANG_WARN_STRICT_PROTOTYPES = YES;
				CLANG_WARN_SUSPICIOUS_MOVE = YES;
				CLANG_WARN_UNGUARDED_AVAILABILITY = YES_AGGRESSIVE;
				CLANG_WARN_UNREACHABLE_CODE = YES;
				CLANG_WARN__DUPLICATE_METHOD_MATCH = YES;
				COPY_PHASE_STRIP = NO;
				DEAD_CODE_STRIPPING = YES;
				DEBUG_INFORMATION_FORMAT = "dwarf-with-dsym";
				ENABLE_NS_ASSERTIONS = NO;
				ENABLE_STRICT_OBJC_MSGSEND = YES;
				GCC_C_LANGUAGE_STANDARD = gnu11;
				GCC_NO_COMMON_BLOCKS = YES;
				GCC_WARN_64_TO_32_BIT_CONVERSION = YES;
				GCC_WARN_ABOUT_RETURN_TYPE = YES_ERROR;
				GCC_WARN_UNDECLARED_SELECTOR = YES;
				GCC_WARN_UNINITIALIZED_AUTOS = YES_AGGRESSIVE;
				GCC_WARN_UNUSED_FUNCTION = YES;
				GCC_WARN_UNUSED_VARIABLE = YES;
				MTL_ENABLE_DEBUG_INFO = NO;
				PRODUCT_NAME = "$(TARGET_NAME)";
				VALIDATE_PRODUCT = YES;
			};
			name = Release;
		};
		91724EAFC31E44E18B477C6B /* Release */ = {
			isa = XCBuildConfiguration;
			buildSettings = {
				ASSETCATALOG_COMPILER_APPICON_NAME = AppIcon;
				CODE_SIGN_IDENTITY = "iPhone Developer";
				ENABLE_PREVIEWS = YES;
				INFOPLIST_FILE = Support/Info.plist;
				IPHONEOS_DEPLOYMENT_TARGET = 16.0;
				LD_RUNPATH_SEARCH_PATHS = (
					"$(inherited)",
					"@executable_path/Frameworks",
				);
				PRODUCT_BUNDLE_IDENTIFIER = team.filo.StackKnowledge;
				PRODUCT_NAME = StackKnowledge;
				SDKROOT = iphoneos;
				SUPPORTS_MACCATALYST = NO;
				SUPPORTS_MAC_DESIGNED_FOR_IPHONE_IPAD = YES;
				SUPPORTS_XR_DESIGNED_FOR_IPHONE_IPAD = NO;
				SWIFT_COMPILATION_MODE = wholemodule;
				SWIFT_OPTIMIZATION_LEVEL = "-Owholemodule";
				SWIFT_VERSION = 5.0;
				TARGETED_DEVICE_FAMILY = 1;
			};
			name = Release;
		};
		B01AE589B7183C89CA84411F /* Debug */ = {
			isa = XCBuildConfiguration;
			buildSettings = {
				ALWAYS_SEARCH_USER_PATHS = NO;
				CLANG_ANALYZER_LOCALIZABILITY_NONLOCALIZED = YES;
				CLANG_ANALYZER_NONNULL = YES;
				CLANG_ANALYZER_NUMBER_OBJECT_CONVERSION = YES_AGGRESSIVE;
				CLANG_CXX_LANGUAGE_STANDARD = "gnu++14";
				CLANG_CXX_LIBRARY = "libc++";
				CLANG_ENABLE_MODULES = YES;
				CLANG_ENABLE_OBJC_ARC = YES;
				CLANG_ENABLE_OBJC_WEAK = YES;
				CLANG_WARN_BLOCK_CAPTURE_AUTORELEASING = YES;
				CLANG_WARN_BOOL_CONVERSION = YES;
				CLANG_WARN_COMMA = YES;
				CLANG_WARN_CONSTANT_CONVERSION = YES;
				CLANG_WARN_DEPRECATED_OBJC_IMPLEMENTATIONS = YES;
				CLANG_WARN_DIRECT_OBJC_ISA_USAGE = YES_ERROR;
				CLANG_WARN_DOCUMENTATION_COMMENTS = YES;
				CLANG_WARN_EMPTY_BODY = YES;
				CLANG_WARN_ENUM_CONVERSION = YES;
				CLANG_WARN_INFINITE_RECURSION = YES;
				CLANG_WARN_INT_CONVERSION = YES;
				CLANG_WARN_NON_LITERAL_NULL_CONVERSION = YES;
				CLANG_WARN_OBJC_IMPLICIT_RETAIN_SELF = YES;
				CLANG_WARN_OBJC_LITERAL_CONVERSION = YES;
				CLANG_WARN_OBJC_ROOT_CLASS = YES_ERROR;
				CLANG_WARN_QUOTED_INCLUDE_IN_FRAMEWORK_HEADER = YES;
				CLANG_WARN_RANGE_LOOP_ANALYSIS = YES;
				CLANG_WARN_STRICT_PROTOTYPES = YES;
				CLANG_WARN_SUSPICIOUS_MOVE = YES;
				CLANG_WARN_UNGUARDED_AVAILABILITY = YES_AGGRESSIVE;
				CLANG_WARN_UNREACHABLE_CODE = YES;
				CLANG_WARN__DUPLICATE_METHOD_MATCH = YES;
				COPY_PHASE_STRIP = NO;
				DEAD_CODE_STRIPPING = YES;
				DEBUG_INFORMATION_FORMAT = dwarf;
				ENABLE_STRICT_OBJC_MSGSEND = YES;
				ENABLE_TESTABILITY = YES;
				GCC_C_LANGUAGE_STANDARD = gnu11;
				GCC_DYNAMIC_NO_PIC = NO;
				GCC_NO_COMMON_BLOCKS = YES;
				GCC_OPTIMIZATION_LEVEL = 0;
				GCC_PREPROCESSOR_DEFINITIONS = (
					"DEBUG=1",
					"$(inherited)",
				);
				GCC_WARN_64_TO_32_BIT_CONVERSION = YES;
				GCC_WARN_ABOUT_RETURN_TYPE = YES_ERROR;
				GCC_WARN_UNDECLARED_SELECTOR = YES;
				GCC_WARN_UNINITIALIZED_AUTOS = YES_AGGRESSIVE;
				GCC_WARN_UNUSED_FUNCTION = YES;
				GCC_WARN_UNUSED_VARIABLE = YES;
				MTL_ENABLE_DEBUG_INFO = YES;
				ONLY_ACTIVE_ARCH = YES;
				PRODUCT_NAME = "$(TARGET_NAME)";
			};
			name = Debug;
		};
		D7CD70D13C806FF655BF3412 /* Release */ = {
			isa = XCBuildConfiguration;
			buildSettings = {
				BUNDLE_LOADER = "$(TEST_HOST)";
				CODE_SIGN_IDENTITY = "iPhone Developer";
				INFOPLIST_FILE = "Derived/InfoPlists/StackKnowledgeTest-Info.plist";
				IPHONEOS_DEPLOYMENT_TARGET = 16.0;
				LD_RUNPATH_SEARCH_PATHS = (
					"$(inherited)",
					"@executable_path/Frameworks",
					"@loader_path/Frameworks",
				);
				PRODUCT_BUNDLE_IDENTIFIER = team.filo.StackKnowledgeTest;
				PRODUCT_NAME = StackKnowledgeTest;
				SDKROOT = iphoneos;
				SUPPORTS_MACCATALYST = NO;
				SUPPORTS_MAC_DESIGNED_FOR_IPHONE_IPAD = YES;
				SUPPORTS_XR_DESIGNED_FOR_IPHONE_IPAD = NO;
				SWIFT_COMPILATION_MODE = wholemodule;
				SWIFT_OPTIMIZATION_LEVEL = "-Owholemodule";
				SWIFT_VERSION = 5.0;
				TARGETED_DEVICE_FAMILY = 1;
				TEST_HOST = "$(BUILT_PRODUCTS_DIR)/StackKnowledge.app/$(BUNDLE_EXECUTABLE_FOLDER_PATH)/StackKnowledge";
				TEST_TARGET_NAME = StackKnowledge;
			};
			name = Release;
		};
		F2B4362A59F7FB2D970246FC /* Debug */ = {
			isa = XCBuildConfiguration;
			buildSettings = {
				BUNDLE_LOADER = "$(TEST_HOST)";
				CODE_SIGN_IDENTITY = "iPhone Developer";
				INFOPLIST_FILE = "Derived/InfoPlists/StackKnowledgeTest-Info.plist";
				IPHONEOS_DEPLOYMENT_TARGET = 16.0;
				LD_RUNPATH_SEARCH_PATHS = (
					"$(inherited)",
					"@executable_path/Frameworks",
					"@loader_path/Frameworks",
				);
				PRODUCT_BUNDLE_IDENTIFIER = team.filo.StackKnowledgeTest;
				PRODUCT_NAME = StackKnowledgeTest;
				SDKROOT = iphoneos;
				SUPPORTS_MACCATALYST = NO;
				SUPPORTS_MAC_DESIGNED_FOR_IPHONE_IPAD = YES;
				SUPPORTS_XR_DESIGNED_FOR_IPHONE_IPAD = NO;
				SWIFT_ACTIVE_COMPILATION_CONDITIONS = DEBUG;
				SWIFT_COMPILATION_MODE = singlefile;
				SWIFT_OPTIMIZATION_LEVEL = "-Onone";
				SWIFT_VERSION = 5.0;
				TARGETED_DEVICE_FAMILY = 1;
				TEST_HOST = "$(BUILT_PRODUCTS_DIR)/StackKnowledge.app/$(BUNDLE_EXECUTABLE_FOLDER_PATH)/StackKnowledge";
				TEST_TARGET_NAME = StackKnowledge;
			};
			name = Debug;
		};
/* End XCBuildConfiguration section */

/* Begin XCConfigurationList section */
		4379E6987A5D8F6C0F9A76A7 /* Build configuration list for PBXNativeTarget "StackKnowledge" */ = {
			isa = XCConfigurationList;
			buildConfigurations = (
				26F4FFA468C66B0499DA9B35 /* Debug */,
				91724EAFC31E44E18B477C6B /* Release */,
			);
			defaultConfigurationIsVisible = 0;
			defaultConfigurationName = Release;
		};
		925FA1F33ABB73BBDA2BD7E0 /* Build configuration list for PBXNativeTarget "StackKnowledgeTest" */ = {
			isa = XCConfigurationList;
			buildConfigurations = (
				F2B4362A59F7FB2D970246FC /* Debug */,
				D7CD70D13C806FF655BF3412 /* Release */,
			);
			defaultConfigurationIsVisible = 0;
			defaultConfigurationName = Release;
		};
		E5B75391EA51B7416D120061 /* Build configuration list for PBXProject "StackKnowledge" */ = {
			isa = XCConfigurationList;
			buildConfigurations = (
				B01AE589B7183C89CA84411F /* Debug */,
				3ED24F501F2225943C54583A /* Release */,
			);
			defaultConfigurationIsVisible = 0;
			defaultConfigurationName = Release;
		};
/* End XCConfigurationList section */
	};
	rootObject = E36B4AA4B8AAA21DD1803021 /* Project object */;
}
